
Microsoft Visual Studio Solution File, Format Version 12.00
Project("{FAE04EC0-301F-11D3-BF4B-00C04F79EFBC}") = "MyEmployees.WebApi", "Src\MyEmployees.WebApi\MyEmployees.WebApi.csproj", "{E0FFD249-1565-4BBA-9274-DAE77A05E2B1}"
EndProject
Project("{2150E333-8FDC-42A3-9474-1A3956D46DE8}") = "Src", "Src", "{1BB4CA68-C51F-4F2E-AAFF-A92F8C8455FA}"
EndProject
Project("{FAE04EC0-301F-11D3-BF4B-00C04F79EFBC}") = "MyEmployees.Domain", "Src\MyEmployees.Domain\MyEmployees.Domain.csproj", "{E60F77A3-AA8F-4128-AAE5-6A8FBB7555C3}"
EndProject
Project("{FAE04EC0-301F-11D3-BF4B-00C04F79EFBC}") = "MyEmployees.Application", "Src\MyEmployees.Application\MyEmployees.Application.csproj", "{796377C3-8247-404C-B445-A7AD84B91E59}"
EndProject
Project("{FAE04EC0-301F-11D3-BF4B-00C04F79EFBC}") = "MyEmployees.Infrastructure", "Src\MyEmployees.Infrastructure\MyEmployees.Infrastructure.csproj", "{E2A6D670-D6E1-4CAB-BE52-028FB5FE2FB8}"
EndProject
Global
	GlobalSection(SolutionConfigurationPlatforms) = preSolution
		Debug|Any CPU = Debug|Any CPU
		Release|Any CPU = Release|Any CPU
	EndGlobalSection
	GlobalSection(ProjectConfigurationPlatforms) = postSolution
		{E0FFD249-1565-4BBA-9274-DAE77A05E2B1}.Debug|Any CPU.ActiveCfg = Debug|Any CPU
		{E0FFD249-1565-4BBA-9274-DAE77A05E2B1}.Debug|Any CPU.Build.0 = Debug|Any CPU
		{E0FFD249-1565-4BBA-9274-DAE77A05E2B1}.Release|Any CPU.ActiveCfg = Release|Any CPU
		{E0FFD249-1565-4BBA-9274-DAE77A05E2B1}.Release|Any CPU.Build.0 = Release|Any CPU
		{E60F77A3-AA8F-4128-AAE5-6A8FBB7555C3}.Debug|Any CPU.ActiveCfg = Debug|Any CPU
		{E60F77A3-AA8F-4128-AAE5-6A8FBB7555C3}.Debug|Any CPU.Build.0 = Debug|Any CPU
		{E60F77A3-AA8F-4128-AAE5-6A8FBB7555C3}.Release|Any CPU.ActiveCfg = Release|Any CPU
		{E60F77A3-AA8F-4128-AAE5-6A8FBB7555C3}.Release|Any CPU.Build.0 = Release|Any CPU
		{796377C3-8247-404C-B445-A7AD84B91E59}.Debug|Any CPU.ActiveCfg = Debug|Any CPU
		{796377C3-8247-404C-B445-A7AD84B91E59}.Debug|Any CPU.Build.0 = Debug|Any CPU
		{796377C3-8247-404C-B445-A7AD84B91E59}.Release|Any CPU.ActiveCfg = Release|Any CPU
		{796377C3-8247-404C-B445-A7AD84B91E59}.Release|Any CPU.Build.0 = Release|Any CPU
		{E2A6D670-D6E1-4CAB-BE52-028FB5FE2FB8}.Debug|Any CPU.ActiveCfg = Debug|Any CPU
		{E2A6D670-D6E1-4CAB-BE52-028FB5FE2FB8}.Debug|Any CPU.Build.0 = Debug|Any CPU
		{E2A6D670-D6E1-4CAB-BE52-028FB5FE2FB8}.Release|Any CPU.ActiveCfg = Release|Any CPU
		{E2A6D670-D6E1-4CAB-BE52-028FB5FE2FB8}.Release|Any CPU.Build.0 = Release|Any CPU
	EndGlobalSection
	GlobalSection(NestedProjects) = preSolution
		{E0FFD249-1565-4BBA-9274-DAE77A05E2B1} = {1BB4CA68-C51F-4F2E-AAFF-A92F8C8455FA}
		{E60F77A3-AA8F-4128-AAE5-6A8FBB7555C3} = {1BB4CA68-C51F-4F2E-AAFF-A92F8C8455FA}
		{796377C3-8247-404C-B445-A7AD84B91E59} = {1BB4CA68-C51F-4F2E-AAFF-A92F8C8455FA}
		{E2A6D670-D6E1-4CAB-BE52-028FB5FE2FB8} = {1BB4CA68-C51F-4F2E-AAFF-A92F8C8455FA}
	EndGlobalSection
EndGlobal
